
Microsoft Visual Studio Solution File, Format Version 12.00
# Visual Studio Version 16
VisualStudioVersion = 16.0.31205.134
MinimumVisualStudioVersion = 10.0.40219.1
Project("{FAE04EC0-301F-11D3-BF4B-00C04F79EFBC}") = "LudoGame", "LudoGame.csproj", "{8B386DA8-EF78-4C57-BB7C-1166D9AF405A}"
EndProject
Global
	GlobalSection(SolutionConfigurationPlatforms) = preSolution
		Debug|Any CPU = Debug|Any CPU
		Release|Any CPU = Release|Any CPU
	EndGlobalSection
	GlobalSection(ProjectConfigurationPlatforms) = postSolution
		{8B386DA8-EF78-4C57-BB7C-1166D9AF405A}.Debug|Any CPU.ActiveCfg = Debug|Any CPU
		{8B386DA8-EF78-4C57-BB7C-1166D9AF405A}.Debug|Any CPU.Build.0 = Debug|Any CPU
		{8B386DA8-EF78-4C57-BB7C-1166D9AF405A}.Release|Any CPU.ActiveCfg = Release|Any CPU
		{8B386DA8-EF78-4C57-BB7C-1166D9AF405A}.Release|Any CPU.Build.0 = Release|Any CPU
	EndGlobalSection
	GlobalSection(SolutionProperties) = preSolution
		HideSolutionNode = FALSE
	EndGlobalSection
	GlobalSection(ExtensibilityGlobals) = postSolution
		SolutionGuid = {AA669ED1-87E6-4220-9ED8-EDA9050AF9AC}
	EndGlobalSection
EndGlobal
